
Microsoft Visual Studio Solution File, Format Version 12.00
# Visual Studio Version 17
VisualStudioVersion = 17.2.32630.192
MinimumVisualStudioVersion = 10.0.40219.1
Project("{9A19103F-16F7-4668-BE54-9A1E7A4F7556}") = "Entiy", "Entiy\Entiy.csproj", "{4C135ADC-03EA-4580-82B2-384DC1659B2E}"
EndProject
Project("{9A19103F-16F7-4668-BE54-9A1E7A4F7556}") = "StorehouseSys", "StorehouseSys\StorehouseSys.csproj", "{C794F70C-C0C4-40EE-B500-5919021C0BB7}"
EndProject
Project("{FAE04EC0-301F-11D3-BF4B-00C04F79EFBC}") = "Bll", "Bll\Bll.csproj", "{02A912C2-CB91-4E93-80AF-5B2A3700EA85}"
EndProject
Project("{FAE04EC0-301F-11D3-BF4B-00C04F79EFBC}") = "Dal", "Dal\Dal.csproj", "{5A63C341-C68B-4993-ACA0-0F3FD6506F65}"
EndProject
Global
	GlobalSection(SolutionConfigurationPlatforms) = preSolution
		Debug|Any CPU = Debug|Any CPU
		Release|Any CPU = Release|Any CPU
	EndGlobalSection
	GlobalSection(ProjectConfigurationPlatforms) = postSolution
		{4C135ADC-03EA-4580-82B2-384DC1659B2E}.Debug|Any CPU.ActiveCfg = Debug|Any CPU
		{4C135ADC-03EA-4580-82B2-384DC1659B2E}.Debug|Any CPU.Build.0 = Debug|Any CPU
		{4C135ADC-03EA-4580-82B2-384DC1659B2E}.Release|Any CPU.ActiveCfg = Release|Any CPU
		{4C135ADC-03EA-4580-82B2-384DC1659B2E}.Release|Any CPU.Build.0 = Release|Any CPU
		{C794F70C-C0C4-40EE-B500-5919021C0BB7}.Debug|Any CPU.ActiveCfg = Debug|Any CPU
		{C794F70C-C0C4-40EE-B500-5919021C0BB7}.Debug|Any CPU.Build.0 = Debug|Any CPU
		{C794F70C-C0C4-40EE-B500-5919021C0BB7}.Release|Any CPU.ActiveCfg = Release|Any CPU
		{C794F70C-C0C4-40EE-B500-5919021C0BB7}.Release|Any CPU.Build.0 = Release|Any CPU
		{02A912C2-CB91-4E93-80AF-5B2A3700EA85}.Debug|Any CPU.ActiveCfg = Debug|Any CPU
		{02A912C2-CB91-4E93-80AF-5B2A3700EA85}.Debug|Any CPU.Build.0 = Debug|Any CPU
		{02A912C2-CB91-4E93-80AF-5B2A3700EA85}.Release|Any CPU.ActiveCfg = Release|Any CPU
		{02A912C2-CB91-4E93-80AF-5B2A3700EA85}.Release|Any CPU.Build.0 = Release|Any CPU
		{5A63C341-C68B-4993-ACA0-0F3FD6506F65}.Debug|Any CPU.ActiveCfg = Debug|Any CPU
		{5A63C341-C68B-4993-ACA0-0F3FD6506F65}.Debug|Any CPU.Build.0 = Debug|Any CPU
		{5A63C341-C68B-4993-ACA0-0F3FD6506F65}.Release|Any CPU.ActiveCfg = Release|Any CPU
		{5A63C341-C68B-4993-ACA0-0F3FD6506F65}.Release|Any CPU.Build.0 = Release|Any CPU
	EndGlobalSection
	GlobalSection(SolutionProperties) = preSolution
		HideSolutionNode = FALSE
	EndGlobalSection
	GlobalSection(ExtensibilityGlobals) = postSolution
		SolutionGuid = {0FA5D96F-7A60-4028-8017-134CC995384E}
	EndGlobalSection
EndGlobal
